// !$*UTF8*$!
{
	archiveVersion = 1;
	classes = {
	};
	objectVersion = 55;
	objects = {

/* Begin PBXBuildFile section */
		DBA9A57F2861C3FC000709A6 /* SleepAppApp.swift in Sources */ = {isa = PBXBuildFile; fileRef = DBA9A56F2861C3FA000709A6 /* SleepAppApp.swift */; };
		DBA9A5802861C3FC000709A6 /* SleepAppApp.swift in Sources */ = {isa = PBXBuildFile; fileRef = DBA9A56F2861C3FA000709A6 /* SleepAppApp.swift */; };
		DBA9A5812861C3FC000709A6 /* ContentView.swift in Sources */ = {isa = PBXBuildFile; fileRef = DBA9A5702861C3FA000709A6 /* ContentView.swift */; };
		DBA9A5822861C3FC000709A6 /* ContentView.swift in Sources */ = {isa = PBXBuildFile; fileRef = DBA9A5702861C3FA000709A6 /* ContentView.swift */; };
		DBA9A5832861C3FC000709A6 /* Assets.xcassets in Resources */ = {isa = PBXBuildFile; fileRef = DBA9A5712861C3FC000709A6 /* Assets.xcassets */; };
		DBA9A5842861C3FC000709A6 /* Assets.xcassets in Resources */ = {isa = PBXBuildFile; fileRef = DBA9A5712861C3FC000709A6 /* Assets.xcassets */; };
		DBA9A58F2861C458000709A6 /* Home.swift in Sources */ = {isa = PBXBuildFile; fileRef = DBA9A58E2861C458000709A6 /* Home.swift */; };
/* End PBXBuildFile section */

/* Begin PBXFileReference section */
		DBA9A56F2861C3FA000709A6 /* SleepAppApp.swift */ = {isa = PBXFileReference; lastKnownFileType = sourcecode.swift; path = SleepAppApp.swift; sourceTree = "<group>"; };
		DBA9A5702861C3FA000709A6 /* ContentView.swift */ = {isa = PBXFileReference; lastKnownFileType = sourcecode.swift; path = ContentView.swift; sourceTree = "<group>"; };
		DBA9A5712861C3FC000709A6 /* Assets.xcassets */ = {isa = PBXFileReference; lastKnownFileType = folder.assetcatalog; path = Assets.xcassets; sourceTree = "<group>"; };
		DBA9A5762861C3FC000709A6 /* SleepApp.app */ = {isa = PBXFileReference; explicitFileType = wrapper.application; includeInIndex = 0; path = SleepApp.app; sourceTree = BUILT_PRODUCTS_DIR; };
		DBA9A57C2861C3FC000709A6 /* SleepApp.app */ = {isa = PBXFileReference; explicitFileType = wrapper.application; includeInIndex = 0; path = SleepApp.app; sourceTree = BUILT_PRODUCTS_DIR; };
		DBA9A57E2861C3FC000709A6 /* macOS.entitlements */ = {isa = PBXFileReference; lastKnownFileType = text.plist.entitlements; path = macOS.entitlements; sourceTree = "<group>"; };
		DBA9A58E2861C458000709A6 /* Home.swift */ = {isa = PBXFileReference; lastKnownFileType = sourcecode.swift; path = Home.swift; sourceTree = "<group>"; };
/* End PBXFileReference section */

/* Begin PBXFrameworksBuildPhase section */
		DBA9A5732861C3FC000709A6 /* Frameworks */ = {
			isa = PBXFrameworksBuildPhase;
			buildActionMask = 2147483647;
			files = (
			);
			runOnlyForDeploymentPostprocessing = 0;
		};
		DBA9A5792861C3FC000709A6 /* Frameworks */ = {
			isa = PBXFrameworksBuildPhase;
			buildActionMask = 2147483647;
			files = (
			);
			runOnlyForDeploymentPostprocessing = 0;
		};
/* End PBXFrameworksBuildPhase section */

/* Begin PBXGroup section */
		DBA9A5692861C3FA000709A6 = {
			isa = PBXGroup;
			children = (
				DBA9A56E2861C3FA000709A6 /* Shared */,
				DBA9A57D2861C3FC000709A6 /* macOS */,
				DBA9A5772861C3FC000709A6 /* Products */,
			);
			sourceTree = "<group>";
		};
		DBA9A56E2861C3FA000709A6 /* Shared */ = {
			isa = PBXGroup;
			children = (
				DBA9A56F2861C3FA000709A6 /* SleepAppApp.swift */,
				DBA9A58D2861C449000709A6 /* View */,
				DBA9A5702861C3FA000709A6 /* ContentView.swift */,
				DBA9A5712861C3FC000709A6 /* Assets.xcassets */,
			);
			path = Shared;
			sourceTree = "<group>";
		};
		DBA9A5772861C3FC000709A6 /* Products */ = {
			isa = PBXGroup;
			children = (
				DBA9A5762861C3FC000709A6 /* SleepApp.app */,
				DBA9A57C2861C3FC000709A6 /* SleepApp.app */,
			);
			name = Products;
			sourceTree = "<group>";
		};
		DBA9A57D2861C3FC000709A6 /* macOS */ = {
			isa = PBXGroup;
			children = (
				DBA9A57E2861C3FC000709A6 /* macOS.entitlements */,
			);
			path = macOS;
			sourceTree = "<group>";
		};
		DBA9A58D2861C449000709A6 /* View */ = {
			isa = PBXGroup;
			children = (
				DBA9A58E2861C458000709A6 /* Home.swift */,
			);
			path = View;
			sourceTree = "<group>";
		};
/* End PBXGroup section */

/* Begin PBXNativeTarget section */
		DBA9A5752861C3FC000709A6 /* SleepApp (iOS) */ = {
			isa = PBXNativeTarget;
			buildConfigurationList = DBA9A5872861C3FC000709A6 /* Build configuration list for PBXNativeTarget "SleepApp (iOS)" */;
			buildPhases = (
				DBA9A5722861C3FC000709A6 /* Sources */,
				DBA9A5732861C3FC000709A6 /* Frameworks */,
				DBA9A5742861C3FC000709A6 /* Resources */,
			);
			buildRules = (
			);
			dependencies = (
			);
			name = "SleepApp (iOS)";
			productName = "SleepApp (iOS)";
			productReference = DBA9A5762861C3FC000709A6 /* SleepApp.app */;
			productType = "com.apple.product-type.application";
		};
		DBA9A57B2861C3FC000709A6 /* SleepApp (macOS) */ = {
			isa = PBXNativeTarget;
			buildConfigurationList = DBA9A58A2861C3FC000709A6 /* Build configuration list for PBXNativeTarget "SleepApp (macOS)" */;
			buildPhases = (
				DBA9A5782861C3FC000709A6 /* Sources */,
				DBA9A5792861C3FC000709A6 /* Frameworks */,
				DBA9A57A2861C3FC000709A6 /* Resources */,
			);
			buildRules = (
			);
			dependencies = (
			);
			name = "SleepApp (macOS)";
			productName = "SleepApp (macOS)";
			productReference = DBA9A57C2861C3FC000709A6 /* SleepApp.app */;
			productType = "com.apple.product-type.application";
		};
/* End PBXNativeTarget section */

/* Begin PBXProject section */
		DBA9A56A2861C3FA000709A6 /* Project object */ = {
			isa = PBXProject;
			attributes = {
				BuildIndependentTargetsInParallel = 1;
				LastSwiftUpdateCheck = 1340;
				LastUpgradeCheck = 1340;
				TargetAttributes = {
					DBA9A5752861C3FC000709A6 = {
						CreatedOnToolsVersion = 13.4.1;
					};
					DBA9A57B2861C3FC000709A6 = {
						CreatedOnToolsVersion = 13.4.1;
					};
				};
			};
			buildConfigurationList = DBA9A56D2861C3FA000709A6 /* Build configuration list for PBXProject "SleepApp" */;
			compatibilityVersion = "Xcode 13.0";
			developmentRegion = en;
			hasScannedForEncodings = 0;
			knownRegions = (
				en,
				Base,
			);
			mainGroup = DBA9A5692861C3FA000709A6;
			productRefGroup = DBA9A5772861C3FC000709A6 /* Products */;
			projectDirPath = "";
			projectRoot = "";
			targets = (
				DBA9A5752861C3FC000709A6 /* SleepApp (iOS) */,
				DBA9A57B2861C3FC000709A6 /* SleepApp (macOS) */,
			);
		};
/* End PBXProject section */

/* Begin PBXResourcesBuildPhase section */
		DBA9A5742861C3FC000709A6 /* Resources */ = {
			isa = PBXResourcesBuildPhase;
			buildActionMask = 2147483647;
			files = (
				DBA9A5832861C3FC000709A6 /* Assets.xcassets in Resources */,
			);
			runOnlyForDeploymentPostprocessing = 0;
		};
		DBA9A57A2861C3FC000709A6 /* Resources */ = {
			isa = PBXResourcesBuildPhase;
			buildActionMask = 2147483647;
			files = (
				DBA9A5842861C3FC000709A6 /* Assets.xcassets in Resources */,
			);
			runOnlyForDeploymentPostprocessing = 0;
		};
/* End PBXResourcesBuildPhase section */

/* Begin PBXSourcesBuildPhase section */
		DBA9A5722861C3FC000709A6 /* Sources */ = {
			isa = PBXSourcesBuildPhase;
			buildActionMask = 2147483647;
			files = (
				DBA9A5812861C3FC000709A6 /* ContentView.swift in Sources */,
				DBA9A58F2861C458000709A6 /* Home.swift in Sources */,
				DBA9A57F2861C3FC000709A6 /* SleepAppApp.swift in Sources */,
			);
			runOnlyForDeploymentPostprocessing = 0;
		};
		DBA9A5782861C3FC000709A6 /* Sources */ = {
			isa = PBXSourcesBuildPhase;
			buildActionMask = 2147483647;
			files = (
				DBA9A5822861C3FC000709A6 /* ContentView.swift in Sources */,
				DBA9A5802861C3FC000709A6 /* SleepAppApp.swift in Sources */,
			);
			runOnlyForDeploymentPostprocessing = 0;
		};
/* End PBXSourcesBuildPhase section */

/* Begin XCBuildConfiguration section */
		DBA9A5852861C3FC000709A6 /* Debug */ = {
			isa = XCBuildConfiguration;
			buildSettings = {
				ALWAYS_SEARCH_USER_PATHS = NO;
				CLANG_ANALYZER_NONNULL = YES;
				CLANG_ANALYZER_NUMBER_OBJECT_CONVERSION = YES_AGGRESSIVE;
				CLANG_CXX_LANGUAGE_STANDARD = "gnu++17";
				CLANG_ENABLE_MODULES = YES;
				CLANG_ENABLE_OBJC_ARC = YES;
				CLANG_ENABLE_OBJC_WEAK = YES;
				CLANG_WARN_BLOCK_CAPTURE_AUTORELEASING = YES;
				CLANG_WARN_BOOL_CONVERSION = YES;
				CLANG_WARN_COMMA = YES;
				CLANG_WARN_CONSTANT_CONVERSION = YES;
				CLANG_WARN_DEPRECATED_OBJC_IMPLEMENTATIONS = YES;
				CLANG_WARN_DIRECT_OBJC_ISA_USAGE = YES_ERROR;
				CLANG_WARN_DOCUMENTATION_COMMENTS = YES;
				CLANG_WARN_EMPTY_BODY = YES;
				CLANG_WARN_ENUM_CONVERSION = YES;
				CLANG_WARN_INFINITE_RECURSION = YES;
				CLANG_WARN_INT_CONVERSION = YES;
				CLANG_WARN_NON_LITERAL_NULL_CONVERSION = YES;
				CLANG_WARN_OBJC_IMPLICIT_RETAIN_SELF = YES;
				CLANG_WARN_OBJC_LITERAL_CONVERSION = YES;
				CLANG_WARN_OBJC_ROOT_CLASS = YES_ERROR;
				CLANG_WARN_QUOTED_INCLUDE_IN_FRAMEWORK_HEADER = YES;
				CLANG_WARN_RANGE_LOOP_ANALYSIS = YES;
				CLANG_WARN_STRICT_PROTOTYPES = YES;
				CLANG_WARN_SUSPICIOUS_MOVE = YES;
				CLANG_WARN_UNGUARDED_AVAILABILITY = YES_AGGRESSIVE;
				CLANG_WARN_UNREACHABLE_CODE = YES;
				CLANG_WARN__DUPLICATE_METHOD_MATCH = YES;
				COPY_PHASE_STRIP = NO;
				DEBUG_INFORMATION_FORMAT = dwarf;
				ENABLE_STRICT_OBJC_MSGSEND = YES;
				ENABLE_TESTABILITY = YES;
				GCC_C_LANGUAGE_STANDARD = gnu11;
				GCC_DYNAMIC_NO_PIC = NO;
				GCC_NO_COMMON_BLOCKS = YES;
				GCC_OPTIMIZATION_LEVEL = 0;
				GCC_PREPROCESSOR_DEFINITIONS = (
					"DEBUG=1",
					"$(inherited)",
				);
				GCC_WARN_64_TO_32_BIT_CONVERSION = YES;
				GCC_WARN_ABOUT_RETURN_TYPE = YES_ERROR;
				GCC_WARN_UNDECLARED_SELECTOR = YES;
				GCC_WARN_UNINITIALIZED_AUTOS = YES_AGGRESSIVE;
				GCC_WARN_UNUSED_FUNCTION = YES;
				GCC_WARN_UNUSED_VARIABLE = YES;
				MTL_ENABLE_DEBUG_INFO = INCLUDE_SOURCE;
				MTL_FAST_MATH = YES;
				ONLY_ACTIVE_ARCH = YES;
				SWIFT_ACTIVE_COMPILATION_CONDITIONS = DEBUG;
				SWIFT_OPTIMIZATION_LEVEL = "-Onone";
			};
			name = Debug;
		};
		DBA9A5862861C3FC000709A6 /* Release */ = {
			isa = XCBuildConfiguration;
			buildSettings = {
				ALWAYS_SEARCH_USER_PATHS = NO;
				CLANG_ANALYZER_NONNULL = YES;
				CLANG_ANALYZER_NUMBER_OBJECT_CONVERSION = YES_AGGRESSIVE;
				CLANG_CXX_LANGUAGE_STANDARD = "gnu++17";
				CLANG_ENABLE_MODULES = YES;
				CLANG_ENABLE_OBJC_ARC = YES;
				CLANG_ENABLE_OBJC_WEAK = YES;
				CLANG_WARN_BLOCK_CAPTURE_AUTORELEASING = YES;
				CLANG_WARN_BOOL_CONVERSION = YES;
				CLANG_WARN_COMMA = YES;
				CLANG_WARN_CONSTANT_CONVERSION = YES;
				CLANG_WARN_DEPRECATED_OBJC_IMPLEMENTATIONS = YES;
				CLANG_WARN_DIRECT_OBJC_ISA_USAGE = YES_ERROR;
				CLANG_WARN_DOCUMENTATION_COMMENTS = YES;
				CLANG_WARN_EMPTY_BODY = YES;
				CLANG_WARN_ENUM_CONVERSION = YES;
				CLANG_WARN_INFINITE_RECURSION = YES;
				CLANG_WARN_INT_CONVERSION = YES;
				CLANG_WARN_NON_LITERAL_NULL_CONVERSION = YES;
				CLANG_WARN_OBJC_IMPLICIT_RETAIN_SELF = YES;
				CLANG_WARN_OBJC_LITERAL_CONVERSION = YES;
				CLANG_WARN_OBJC_ROOT_CLASS = YES_ERROR;
				CLANG_WARN_QUOTED_INCLUDE_IN_FRAMEWORK_HEADER = YES;
				CLANG_WARN_RANGE_LOOP_ANALYSIS = YES;
				CLANG_WARN_STRICT_PROTOTYPES = YES;
				CLANG_WARN_SUSPICIOUS_MOVE = YES;
				CLANG_WARN_UNGUARDED_AVAILABILITY = YES_AGGRESSIVE;
				CLANG_WARN_UNREACHABLE_CODE = YES;
				CLANG_WARN__DUPLICATE_METHOD_MATCH = YES;
				COPY_PHASE_STRIP = NO;
				DEBUG_INFORMATION_FORMAT = "dwarf-with-dsym";
				ENABLE_NS_ASSERTIONS = NO;
				ENABLE_STRICT_OBJC_MSGSEND = YES;
				GCC_C_LANGUAGE_STANDARD = gnu11;
				GCC_NO_COMMON_BLOCKS = YES;
				GCC_WARN_64_TO_32_BIT_CONVERSION = YES;
				GCC_WARN_ABOUT_RETURN_TYPE = YES_ERROR;
				GCC_WARN_UNDECLARED_SELECTOR = YES;
				GCC_WARN_UNINITIALIZED_AUTOS = YES_AGGRESSIVE;
				GCC_WARN_UNUSED_FUNCTION = YES;
				GCC_WARN_UNUSED_VARIABLE = YES;
				MTL_ENABLE_DEBUG_INFO = NO;
				MTL_FAST_MATH = YES;
				SWIFT_COMPILATION_MODE = wholemodule;
				SWIFT_OPTIMIZATION_LEVEL = "-O";
			};
			name = Release;
		};
		DBA9A5882861C3FC000709A6 /* Debug */ = {
			isa = XCBuildConfiguration;
			buildSettings = {
				ASSETCATALOG_COMPILER_APPICON_NAME = AppIcon;
				ASSETCATALOG_COMPILER_GLOBAL_ACCENT_COLOR_NAME = AccentColor;
				CODE_SIGN_STYLE = Automatic;
				CURRENT_PROJECT_VERSION = 1;
				DEVELOPMENT_TEAM = G427EDH9RS;
				ENABLE_PREVIEWS = YES;
				GENERATE_INFOPLIST_FILE = YES;
				INFOPLIST_KEY_UIApplicationSceneManifest_Generation = YES;
				INFOPLIST_KEY_UIApplicationSupportsIndirectInputEvents = YES;
				INFOPLIST_KEY_UILaunchScreen_Generation = YES;
				INFOPLIST_KEY_UISupportedInterfaceOrientations_iPad = "UIInterfaceOrientationPortrait UIInterfaceOrientationPortraitUpsideDown UIInterfaceOrientationLandscapeLeft UIInterfaceOrientationLandscapeRight";
				INFOPLIST_KEY_UISupportedInterfaceOrientations_iPhone = "UIInterfaceOrientationPortrait UIInterfaceOrientationLandscapeLeft UIInterfaceOrientationLandscapeRight";
				IPHONEOS_DEPLOYMENT_TARGET = 15.5;
				LD_RUNPATH_SEARCH_PATHS = (
					"$(inherited)",
					"@executable_path/Frameworks",
				);
				MARKETING_VERSION = 1.0;
				PRODUCT_BUNDLE_IDENTIFIER = com.yi.SleepApp;
				PRODUCT_NAME = SleepApp;
				SDKROOT = iphoneos;
				SWIFT_EMIT_LOC_STRINGS = YES;
				SWIFT_VERSION = 5.0;
				TARGETED_DEVICE_FAMILY = "1,2";
			};
			name = Debug;
		};
		DBA9A5892861C3FC000709A6 /* Release */ = {
			isa = XCBuildConfiguration;
			buildSettings = {
				ASSETCATALOG_COMPILER_APPICON_NAME = AppIcon;
				ASSETCATALOG_COMPILER_GLOBAL_ACCENT_COLOR_NAME = AccentColor;
				CODE_SIGN_STYLE = Automatic;
				CURRENT_PROJECT_VERSION = 1;
				DEVELOPMENT_TEAM = G427EDH9RS;
				ENABLE_PREVIEWS = YES;
				GENERATE_INFOPLIST_FILE = YES;
				INFOPLIST_KEY_UIApplicationSceneManifest_Generation = YES;
				INFOPLIST_KEY_UIApplicationSupportsIndirectInputEvents = YES;
				INFOPLIST_KEY_UILaunchScreen_Generation = YES;
				INFOPLIST_KEY_UISupportedInterfaceOrientations_iPad = "UIInterfaceOrientationPortrait UIInterfaceOrientationPortraitUpsideDown UIInterfaceOrientationLandscapeLeft UIInterfaceOrientationLandscapeRight";
				INFOPLIST_KEY_UISupportedInterfaceOrientations_iPhone = "UIInterfaceOrientationPortrait UIInterfaceOrientationLandscapeLeft UIInterfaceOrientationLandscapeRight";
				IPHONEOS_DEPLOYMENT_TARGET = 15.5;
				LD_RUNPATH_SEARCH_PATHS = (
					"$(inherited)",
					"@executable_path/Frameworks",
				);
				MARKETING_VERSION = 1.0;
				PRODUCT_BUNDLE_IDENTIFIER = com.yi.SleepApp;
				PRODUCT_NAME = SleepApp;
				SDKROOT = iphoneos;
				SWIFT_EMIT_LOC_STRINGS = YES;
				SWIFT_VERSION = 5.0;
				TARGETED_DEVICE_FAMILY = "1,2";
				VALIDATE_PRODUCT = YES;
			};
			name = Release;
		};
		DBA9A58B2861C3FC000709A6 /* Debug */ = {
			isa = XCBuildConfiguration;
			buildSettings = {
				ASSETCATALOG_COMPILER_APPICON_NAME = AppIcon;
				ASSETCATALOG_COMPILER_GLOBAL_ACCENT_COLOR_NAME = AccentColor;
				CODE_SIGN_ENTITLEMENTS = macOS/macOS.entitlements;
				CODE_SIGN_STYLE = Automatic;
				COMBINE_HIDPI_IMAGES = YES;
				CURRENT_PROJECT_VERSION = 1;
				DEVELOPMENT_TEAM = G427EDH9RS;
				ENABLE_HARDENED_RUNTIME = YES;
				ENABLE_PREVIEWS = YES;
				GENERATE_INFOPLIST_FILE = YES;
				INFOPLIST_KEY_NSHumanReadableCopyright = "";
				LD_RUNPATH_SEARCH_PATHS = (
					"$(inherited)",
					"@executable_path/../Frameworks",
				);
				MACOSX_DEPLOYMENT_TARGET = 12.3;
				MARKETING_VERSION = 1.0;
				PRODUCT_BUNDLE_IDENTIFIER = com.yi.SleepApp;
				PRODUCT_NAME = SleepApp;
				SDKROOT = macosx;
				SWIFT_EMIT_LOC_STRINGS = YES;
				SWIFT_VERSION = 5.0;
			};
			name = Debug;
		};
		DBA9A58C2861C3FC000709A6 /* Release */ = {
			isa = XCBuildConfiguration;
			buildSettings = {
				ASSETCATALOG_COMPILER_APPICON_NAME = AppIcon;
				ASSETCATALOG_COMPILER_GLOBAL_ACCENT_COLOR_NAME = AccentColor;
				CODE_SIGN_ENTITLEMENTS = macOS/macOS.entitlements;
				CODE_SIGN_STYLE = Automatic;
				COMBINE_HIDPI_IMAGES = YES;
				CURRENT_PROJECT_VERSION = 1;
				DEVELOPMENT_TEAM = G427EDH9RS;
				ENABLE_HARDENED_RUNTIME = YES;
				ENABLE_PREVIEWS = YES;
				GENERATE_INFOPLIST_FILE = YES;
				INFOPLIST_KEY_NSHumanReadableCopyright = "";
				LD_RUNPATH_SEARCH_PATHS = (
					"$(inherited)",
					"@executable_path/../Frameworks",
				);
				MACOSX_DEPLOYMENT_TARGET = 12.3;
				MARKETING_VERSION = 1.0;
				PRODUCT_BUNDLE_IDENTIFIER = com.yi.SleepApp;
				PRODUCT_NAME = SleepApp;
				SDKROOT = macosx;
				SWIFT_EMIT_LOC_STRINGS = YES;
				SWIFT_VERSION = 5.0;
			};
			name = Release;
		};
/* End XCBuildConfiguration section */

/* Begin XCConfigurationList section */
		DBA9A56D2861C3FA000709A6 /* Build configuration list for PBXProject "SleepApp" */ = {
			isa = XCConfigurationList;
			buildConfigurations = (
				DBA9A5852861C3FC000709A6 /* Debug */,
				DBA9A5862861C3FC000709A6 /* Release */,
			);
			defaultConfigurationIsVisible = 0;
			defaultConfigurationName = Release;
		};
		DBA9A5872861C3FC000709A6 /* Build configuration list for PBXNativeTarget "SleepApp (iOS)" */ = {
			isa = XCConfigurationList;
			buildConfigurations = (
				DBA9A5882861C3FC000709A6 /* Debug */,
				DBA9A5892861C3FC000709A6 /* Release */,
			);
			defaultConfigurationIsVisible = 0;
			defaultConfigurationName = Release;
		};
		DBA9A58A2861C3FC000709A6 /* Build configuration list for PBXNativeTarget "SleepApp (macOS)" */ = {
			isa = XCConfigurationList;
			buildConfigurations = (
				DBA9A58B2861C3FC000709A6 /* Debug */,
				DBA9A58C2861C3FC000709A6 /* Release */,
			);
			defaultConfigurationIsVisible = 0;
			defaultConfigurationName = Release;
		};
/* End XCConfigurationList section */
	};
	rootObject = DBA9A56A2861C3FA000709A6 /* Project object */;
}
