// !$*UTF8*$!
{
	archiveVersion = 1;
	classes = {
	};
	objectVersion = 55;
	objects = {

/* Begin PBXBuildFile section */
		DBAA47CE287954E600E60DCF /* AnalysisAppApp.swift in Sources */ = {isa = PBXBuildFile; fileRef = DBAA47BE287954E500E60DCF /* AnalysisAppApp.swift */; };
		DBAA47CF287954E600E60DCF /* AnalysisAppApp.swift in Sources */ = {isa = PBXBuildFile; fileRef = DBAA47BE287954E500E60DCF /* AnalysisAppApp.swift */; };
		DBAA47D0287954E600E60DCF /* ContentView.swift in Sources */ = {isa = PBXBuildFile; fileRef = DBAA47BF287954E500E60DCF /* ContentView.swift */; };
		DBAA47D1287954E600E60DCF /* ContentView.swift in Sources */ = {isa = PBXBuildFile; fileRef = DBAA47BF287954E500E60DCF /* ContentView.swift */; };
		DBAA47D2287954E600E60DCF /* Assets.xcassets in Resources */ = {isa = PBXBuildFile; fileRef = DBAA47C0287954E600E60DCF /* Assets.xcassets */; };
		DBAA47D3287954E600E60DCF /* Assets.xcassets in Resources */ = {isa = PBXBuildFile; fileRef = DBAA47C0287954E600E60DCF /* Assets.xcassets */; };
		DBAA47DF2879552C00E60DCF /* Home.swift in Sources */ = {isa = PBXBuildFile; fileRef = DBAA47DE2879552C00E60DCF /* Home.swift */; };
		DBAA47E12879586000E60DCF /* LineGraph.swift in Sources */ = {isa = PBXBuildFile; fileRef = DBAA47E02879586000E60DCF /* LineGraph.swift */; };
		DBAA47E22879586000E60DCF /* LineGraph.swift in Sources */ = {isa = PBXBuildFile; fileRef = DBAA47E02879586000E60DCF /* LineGraph.swift */; };
		DBAA47E32879586200E60DCF /* Home.swift in Sources */ = {isa = PBXBuildFile; fileRef = DBAA47DE2879552C00E60DCF /* Home.swift */; };
/* End PBXBuildFile section */

/* Begin PBXFileReference section */
		DBAA47BE287954E500E60DCF /* AnalysisAppApp.swift */ = {isa = PBXFileReference; lastKnownFileType = sourcecode.swift; path = AnalysisAppApp.swift; sourceTree = "<group>"; };
		DBAA47BF287954E500E60DCF /* ContentView.swift */ = {isa = PBXFileReference; lastKnownFileType = sourcecode.swift; path = ContentView.swift; sourceTree = "<group>"; };
		DBAA47C0287954E600E60DCF /* Assets.xcassets */ = {isa = PBXFileReference; lastKnownFileType = folder.assetcatalog; path = Assets.xcassets; sourceTree = "<group>"; };
		DBAA47C5287954E600E60DCF /* AnalysisApp.app */ = {isa = PBXFileReference; explicitFileType = wrapper.application; includeInIndex = 0; path = AnalysisApp.app; sourceTree = BUILT_PRODUCTS_DIR; };
		DBAA47CB287954E600E60DCF /* AnalysisApp.app */ = {isa = PBXFileReference; explicitFileType = wrapper.application; includeInIndex = 0; path = AnalysisApp.app; sourceTree = BUILT_PRODUCTS_DIR; };
		DBAA47CD287954E600E60DCF /* macOS.entitlements */ = {isa = PBXFileReference; lastKnownFileType = text.plist.entitlements; path = macOS.entitlements; sourceTree = "<group>"; };
		DBAA47DE2879552C00E60DCF /* Home.swift */ = {isa = PBXFileReference; lastKnownFileType = sourcecode.swift; path = Home.swift; sourceTree = "<group>"; };
		DBAA47E02879586000E60DCF /* LineGraph.swift */ = {isa = PBXFileReference; lastKnownFileType = sourcecode.swift; path = LineGraph.swift; sourceTree = "<group>"; };
/* End PBXFileReference section */

/* Begin PBXFrameworksBuildPhase section */
		DBAA47C2287954E600E60DCF /* Frameworks */ = {
			isa = PBXFrameworksBuildPhase;
			buildActionMask = 2147483647;
			files = (
			);
			runOnlyForDeploymentPostprocessing = 0;
		};
		DBAA47C8287954E600E60DCF /* Frameworks */ = {
			isa = PBXFrameworksBuildPhase;
			buildActionMask = 2147483647;
			files = (
			);
			runOnlyForDeploymentPostprocessing = 0;
		};
/* End PBXFrameworksBuildPhase section */

/* Begin PBXGroup section */
		DBAA47B8287954E500E60DCF = {
			isa = PBXGroup;
			children = (
				DBAA47BD287954E500E60DCF /* Shared */,
				DBAA47CC287954E600E60DCF /* macOS */,
				DBAA47C6287954E600E60DCF /* Products */,
			);
			sourceTree = "<group>";
		};
		DBAA47BD287954E500E60DCF /* Shared */ = {
			isa = PBXGroup;
			children = (
				DBAA47BE287954E500E60DCF /* AnalysisAppApp.swift */,
				DBAA47DD2879550B00E60DCF /* Model */,
				DBAA47DC2879550300E60DCF /* View */,
				DBAA47BF287954E500E60DCF /* ContentView.swift */,
				DBAA47C0287954E600E60DCF /* Assets.xcassets */,
			);
			path = Shared;
			sourceTree = "<group>";
		};
		DBAA47C6287954E600E60DCF /* Products */ = {
			isa = PBXGroup;
			children = (
				DBAA47C5287954E600E60DCF /* AnalysisApp.app */,
				DBAA47CB287954E600E60DCF /* AnalysisApp.app */,
			);
			name = Products;
			sourceTree = "<group>";
		};
		DBAA47CC287954E600E60DCF /* macOS */ = {
			isa = PBXGroup;
			children = (
				DBAA47CD287954E600E60DCF /* macOS.entitlements */,
			);
			path = macOS;
			sourceTree = "<group>";
		};
		DBAA47DC2879550300E60DCF /* View */ = {
			isa = PBXGroup;
			children = (
				DBAA47DE2879552C00E60DCF /* Home.swift */,
				DBAA47E02879586000E60DCF /* LineGraph.swift */,
			);
			path = View;
			sourceTree = "<group>";
		};
		DBAA47DD2879550B00E60DCF /* Model */ = {
			isa = PBXGroup;
			children = (
			);
			path = Model;
			sourceTree = "<group>";
		};
/* End PBXGroup section */

/* Begin PBXNativeTarget section */
		DBAA47C4287954E600E60DCF /* AnalysisApp (iOS) */ = {
			isa = PBXNativeTarget;
			buildConfigurationList = DBAA47D6287954E600E60DCF /* Build configuration list for PBXNativeTarget "AnalysisApp (iOS)" */;
			buildPhases = (
				DBAA47C1287954E600E60DCF /* Sources */,
				DBAA47C2287954E600E60DCF /* Frameworks */,
				DBAA47C3287954E600E60DCF /* Resources */,
			);
			buildRules = (
			);
			dependencies = (
			);
			name = "AnalysisApp (iOS)";
			productName = "AnalysisApp (iOS)";
			productReference = DBAA47C5287954E600E60DCF /* AnalysisApp.app */;
			productType = "com.apple.product-type.application";
		};
		DBAA47CA287954E600E60DCF /* AnalysisApp (macOS) */ = {
			isa = PBXNativeTarget;
			buildConfigurationList = DBAA47D9287954E600E60DCF /* Build configuration list for PBXNativeTarget "AnalysisApp (macOS)" */;
			buildPhases = (
				DBAA47C7287954E600E60DCF /* Sources */,
				DBAA47C8287954E600E60DCF /* Frameworks */,
				DBAA47C9287954E600E60DCF /* Resources */,
			);
			buildRules = (
			);
			dependencies = (
			);
			name = "AnalysisApp (macOS)";
			productName = "AnalysisApp (macOS)";
			productReference = DBAA47CB287954E600E60DCF /* AnalysisApp.app */;
			productType = "com.apple.product-type.application";
		};
/* End PBXNativeTarget section */

/* Begin PBXProject section */
		DBAA47B9287954E500E60DCF /* Project object */ = {
			isa = PBXProject;
			attributes = {
				BuildIndependentTargetsInParallel = 1;
				LastSwiftUpdateCheck = 1340;
				LastUpgradeCheck = 1340;
				TargetAttributes = {
					DBAA47C4287954E600E60DCF = {
						CreatedOnToolsVersion = 13.4.1;
					};
					DBAA47CA287954E600E60DCF = {
						CreatedOnToolsVersion = 13.4.1;
					};
				};
			};
			buildConfigurationList = DBAA47BC287954E500E60DCF /* Build configuration list for PBXProject "AnalysisApp" */;
			compatibilityVersion = "Xcode 13.0";
			developmentRegion = en;
			hasScannedForEncodings = 0;
			knownRegions = (
				en,
				Base,
			);
			mainGroup = DBAA47B8287954E500E60DCF;
			productRefGroup = DBAA47C6287954E600E60DCF /* Products */;
			projectDirPath = "";
			projectRoot = "";
			targets = (
				DBAA47C4287954E600E60DCF /* AnalysisApp (iOS) */,
				DBAA47CA287954E600E60DCF /* AnalysisApp (macOS) */,
			);
		};
/* End PBXProject section */

/* Begin PBXResourcesBuildPhase section */
		DBAA47C3287954E600E60DCF /* Resources */ = {
			isa = PBXResourcesBuildPhase;
			buildActionMask = 2147483647;
			files = (
				DBAA47D2287954E600E60DCF /* Assets.xcassets in Resources */,
			);
			runOnlyForDeploymentPostprocessing = 0;
		};
		DBAA47C9287954E600E60DCF /* Resources */ = {
			isa = PBXResourcesBuildPhase;
			buildActionMask = 2147483647;
			files = (
				DBAA47D3287954E600E60DCF /* Assets.xcassets in Resources */,
			);
			runOnlyForDeploymentPostprocessing = 0;
		};
/* End PBXResourcesBuildPhase section */

/* Begin PBXSourcesBuildPhase section */
		DBAA47C1287954E600E60DCF /* Sources */ = {
			isa = PBXSourcesBuildPhase;
			buildActionMask = 2147483647;
			files = (
				DBAA47E12879586000E60DCF /* LineGraph.swift in Sources */,
				DBAA47D0287954E600E60DCF /* ContentView.swift in Sources */,
				DBAA47DF2879552C00E60DCF /* Home.swift in Sources */,
				DBAA47CE287954E600E60DCF /* AnalysisAppApp.swift in Sources */,
			);
			runOnlyForDeploymentPostprocessing = 0;
		};
		DBAA47C7287954E600E60DCF /* Sources */ = {
			isa = PBXSourcesBuildPhase;
			buildActionMask = 2147483647;
			files = (
				DBAA47D1287954E600E60DCF /* ContentView.swift in Sources */,
				DBAA47E22879586000E60DCF /* LineGraph.swift in Sources */,
				DBAA47E32879586200E60DCF /* Home.swift in Sources */,
				DBAA47CF287954E600E60DCF /* AnalysisAppApp.swift in Sources */,
			);
			runOnlyForDeploymentPostprocessing = 0;
		};
/* End PBXSourcesBuildPhase section */

/* Begin XCBuildConfiguration section */
		DBAA47D4287954E600E60DCF /* Debug */ = {
			isa = XCBuildConfiguration;
			buildSettings = {
				ALWAYS_SEARCH_USER_PATHS = NO;
				CLANG_ANALYZER_NONNULL = YES;
				CLANG_ANALYZER_NUMBER_OBJECT_CONVERSION = YES_AGGRESSIVE;
				CLANG_CXX_LANGUAGE_STANDARD = "gnu++17";
				CLANG_ENABLE_MODULES = YES;
				CLANG_ENABLE_OBJC_ARC = YES;
				CLANG_ENABLE_OBJC_WEAK = YES;
				CLANG_WARN_BLOCK_CAPTURE_AUTORELEASING = YES;
				CLANG_WARN_BOOL_CONVERSION = YES;
				CLANG_WARN_COMMA = YES;
				CLANG_WARN_CONSTANT_CONVERSION = YES;
				CLANG_WARN_DEPRECATED_OBJC_IMPLEMENTATIONS = YES;
				CLANG_WARN_DIRECT_OBJC_ISA_USAGE = YES_ERROR;
				CLANG_WARN_DOCUMENTATION_COMMENTS = YES;
				CLANG_WARN_EMPTY_BODY = YES;
				CLANG_WARN_ENUM_CONVERSION = YES;
				CLANG_WARN_INFINITE_RECURSION = YES;
				CLANG_WARN_INT_CONVERSION = YES;
				CLANG_WARN_NON_LITERAL_NULL_CONVERSION = YES;
				CLANG_WARN_OBJC_IMPLICIT_RETAIN_SELF = YES;
				CLANG_WARN_OBJC_LITERAL_CONVERSION = YES;
				CLANG_WARN_OBJC_ROOT_CLASS = YES_ERROR;
				CLANG_WARN_QUOTED_INCLUDE_IN_FRAMEWORK_HEADER = YES;
				CLANG_WARN_RANGE_LOOP_ANALYSIS = YES;
				CLANG_WARN_STRICT_PROTOTYPES = YES;
				CLANG_WARN_SUSPICIOUS_MOVE = YES;
				CLANG_WARN_UNGUARDED_AVAILABILITY = YES_AGGRESSIVE;
				CLANG_WARN_UNREACHABLE_CODE = YES;
				CLANG_WARN__DUPLICATE_METHOD_MATCH = YES;
				COPY_PHASE_STRIP = NO;
				DEBUG_INFORMATION_FORMAT = dwarf;
				ENABLE_STRICT_OBJC_MSGSEND = YES;
				ENABLE_TESTABILITY = YES;
				GCC_C_LANGUAGE_STANDARD = gnu11;
				GCC_DYNAMIC_NO_PIC = NO;
				GCC_NO_COMMON_BLOCKS = YES;
				GCC_OPTIMIZATION_LEVEL = 0;
				GCC_PREPROCESSOR_DEFINITIONS = (
					"DEBUG=1",
					"$(inherited)",
				);
				GCC_WARN_64_TO_32_BIT_CONVERSION = YES;
				GCC_WARN_ABOUT_RETURN_TYPE = YES_ERROR;
				GCC_WARN_UNDECLARED_SELECTOR = YES;
				GCC_WARN_UNINITIALIZED_AUTOS = YES_AGGRESSIVE;
				GCC_WARN_UNUSED_FUNCTION = YES;
				GCC_WARN_UNUSED_VARIABLE = YES;
				MTL_ENABLE_DEBUG_INFO = INCLUDE_SOURCE;
				MTL_FAST_MATH = YES;
				ONLY_ACTIVE_ARCH = YES;
				SWIFT_ACTIVE_COMPILATION_CONDITIONS = DEBUG;
				SWIFT_OPTIMIZATION_LEVEL = "-Onone";
			};
			name = Debug;
		};
		DBAA47D5287954E600E60DCF /* Release */ = {
			isa = XCBuildConfiguration;
			buildSettings = {
				ALWAYS_SEARCH_USER_PATHS = NO;
				CLANG_ANALYZER_NONNULL = YES;
				CLANG_ANALYZER_NUMBER_OBJECT_CONVERSION = YES_AGGRESSIVE;
				CLANG_CXX_LANGUAGE_STANDARD = "gnu++17";
				CLANG_ENABLE_MODULES = YES;
				CLANG_ENABLE_OBJC_ARC = YES;
				CLANG_ENABLE_OBJC_WEAK = YES;
				CLANG_WARN_BLOCK_CAPTURE_AUTORELEASING = YES;
				CLANG_WARN_BOOL_CONVERSION = YES;
				CLANG_WARN_COMMA = YES;
				CLANG_WARN_CONSTANT_CONVERSION = YES;
				CLANG_WARN_DEPRECATED_OBJC_IMPLEMENTATIONS = YES;
				CLANG_WARN_DIRECT_OBJC_ISA_USAGE = YES_ERROR;
				CLANG_WARN_DOCUMENTATION_COMMENTS = YES;
				CLANG_WARN_EMPTY_BODY = YES;
				CLANG_WARN_ENUM_CONVERSION = YES;
				CLANG_WARN_INFINITE_RECURSION = YES;
				CLANG_WARN_INT_CONVERSION = YES;
				CLANG_WARN_NON_LITERAL_NULL_CONVERSION = YES;
				CLANG_WARN_OBJC_IMPLICIT_RETAIN_SELF = YES;
				CLANG_WARN_OBJC_LITERAL_CONVERSION = YES;
				CLANG_WARN_OBJC_ROOT_CLASS = YES_ERROR;
				CLANG_WARN_QUOTED_INCLUDE_IN_FRAMEWORK_HEADER = YES;
				CLANG_WARN_RANGE_LOOP_ANALYSIS = YES;
				CLANG_WARN_STRICT_PROTOTYPES = YES;
				CLANG_WARN_SUSPICIOUS_MOVE = YES;
				CLANG_WARN_UNGUARDED_AVAILABILITY = YES_AGGRESSIVE;
				CLANG_WARN_UNREACHABLE_CODE = YES;
				CLANG_WARN__DUPLICATE_METHOD_MATCH = YES;
				COPY_PHASE_STRIP = NO;
				DEBUG_INFORMATION_FORMAT = "dwarf-with-dsym";
				ENABLE_NS_ASSERTIONS = NO;
				ENABLE_STRICT_OBJC_MSGSEND = YES;
				GCC_C_LANGUAGE_STANDARD = gnu11;
				GCC_NO_COMMON_BLOCKS = YES;
				GCC_WARN_64_TO_32_BIT_CONVERSION = YES;
				GCC_WARN_ABOUT_RETURN_TYPE = YES_ERROR;
				GCC_WARN_UNDECLARED_SELECTOR = YES;
				GCC_WARN_UNINITIALIZED_AUTOS = YES_AGGRESSIVE;
				GCC_WARN_UNUSED_FUNCTION = YES;
				GCC_WARN_UNUSED_VARIABLE = YES;
				MTL_ENABLE_DEBUG_INFO = NO;
				MTL_FAST_MATH = YES;
				SWIFT_COMPILATION_MODE = wholemodule;
				SWIFT_OPTIMIZATION_LEVEL = "-O";
			};
			name = Release;
		};
		DBAA47D7287954E600E60DCF /* Debug */ = {
			isa = XCBuildConfiguration;
			buildSettings = {
				ASSETCATALOG_COMPILER_APPICON_NAME = AppIcon;
				ASSETCATALOG_COMPILER_GLOBAL_ACCENT_COLOR_NAME = AccentColor;
				CODE_SIGN_STYLE = Automatic;
				CURRENT_PROJECT_VERSION = 1;
				DEVELOPMENT_TEAM = G427EDH9RS;
				ENABLE_PREVIEWS = YES;
				GENERATE_INFOPLIST_FILE = YES;
				INFOPLIST_KEY_UIApplicationSceneManifest_Generation = YES;
				INFOPLIST_KEY_UIApplicationSupportsIndirectInputEvents = YES;
				INFOPLIST_KEY_UILaunchScreen_Generation = YES;
				INFOPLIST_KEY_UISupportedInterfaceOrientations_iPad = "UIInterfaceOrientationPortrait UIInterfaceOrientationPortraitUpsideDown UIInterfaceOrientationLandscapeLeft UIInterfaceOrientationLandscapeRight";
				INFOPLIST_KEY_UISupportedInterfaceOrientations_iPhone = "UIInterfaceOrientationPortrait UIInterfaceOrientationLandscapeLeft UIInterfaceOrientationLandscapeRight";
				IPHONEOS_DEPLOYMENT_TARGET = 15.5;
				LD_RUNPATH_SEARCH_PATHS = (
					"$(inherited)",
					"@executable_path/Frameworks",
				);
				MARKETING_VERSION = 1.0;
				PRODUCT_BUNDLE_IDENTIFIER = com.yi.AnalysisApp;
				PRODUCT_NAME = AnalysisApp;
				SDKROOT = iphoneos;
				SWIFT_EMIT_LOC_STRINGS = YES;
				SWIFT_VERSION = 5.0;
				TARGETED_DEVICE_FAMILY = "1,2";
			};
			name = Debug;
		};
		DBAA47D8287954E600E60DCF /* Release */ = {
			isa = XCBuildConfiguration;
			buildSettings = {
				ASSETCATALOG_COMPILER_APPICON_NAME = AppIcon;
				ASSETCATALOG_COMPILER_GLOBAL_ACCENT_COLOR_NAME = AccentColor;
				CODE_SIGN_STYLE = Automatic;
				CURRENT_PROJECT_VERSION = 1;
				DEVELOPMENT_TEAM = G427EDH9RS;
				ENABLE_PREVIEWS = YES;
				GENERATE_INFOPLIST_FILE = YES;
				INFOPLIST_KEY_UIApplicationSceneManifest_Generation = YES;
				INFOPLIST_KEY_UIApplicationSupportsIndirectInputEvents = YES;
				INFOPLIST_KEY_UILaunchScreen_Generation = YES;
				INFOPLIST_KEY_UISupportedInterfaceOrientations_iPad = "UIInterfaceOrientationPortrait UIInterfaceOrientationPortraitUpsideDown UIInterfaceOrientationLandscapeLeft UIInterfaceOrientationLandscapeRight";
				INFOPLIST_KEY_UISupportedInterfaceOrientations_iPhone = "UIInterfaceOrientationPortrait UIInterfaceOrientationLandscapeLeft UIInterfaceOrientationLandscapeRight";
				IPHONEOS_DEPLOYMENT_TARGET = 15.5;
				LD_RUNPATH_SEARCH_PATHS = (
					"$(inherited)",
					"@executable_path/Frameworks",
				);
				MARKETING_VERSION = 1.0;
				PRODUCT_BUNDLE_IDENTIFIER = com.yi.AnalysisApp;
				PRODUCT_NAME = AnalysisApp;
				SDKROOT = iphoneos;
				SWIFT_EMIT_LOC_STRINGS = YES;
				SWIFT_VERSION = 5.0;
				TARGETED_DEVICE_FAMILY = "1,2";
				VALIDATE_PRODUCT = YES;
			};
			name = Release;
		};
		DBAA47DA287954E600E60DCF /* Debug */ = {
			isa = XCBuildConfiguration;
			buildSettings = {
				ASSETCATALOG_COMPILER_APPICON_NAME = AppIcon;
				ASSETCATALOG_COMPILER_GLOBAL_ACCENT_COLOR_NAME = AccentColor;
				CODE_SIGN_ENTITLEMENTS = macOS/macOS.entitlements;
				CODE_SIGN_STYLE = Automatic;
				COMBINE_HIDPI_IMAGES = YES;
				CURRENT_PROJECT_VERSION = 1;
				DEVELOPMENT_TEAM = G427EDH9RS;
				ENABLE_HARDENED_RUNTIME = YES;
				ENABLE_PREVIEWS = YES;
				GENERATE_INFOPLIST_FILE = YES;
				INFOPLIST_KEY_NSHumanReadableCopyright = "";
				LD_RUNPATH_SEARCH_PATHS = (
					"$(inherited)",
					"@executable_path/../Frameworks",
				);
				MACOSX_DEPLOYMENT_TARGET = 12.3;
				MARKETING_VERSION = 1.0;
				PRODUCT_BUNDLE_IDENTIFIER = com.yi.AnalysisApp;
				PRODUCT_NAME = AnalysisApp;
				SDKROOT = macosx;
				SWIFT_EMIT_LOC_STRINGS = YES;
				SWIFT_VERSION = 5.0;
			};
			name = Debug;
		};
		DBAA47DB287954E600E60DCF /* Release */ = {
			isa = XCBuildConfiguration;
			buildSettings = {
				ASSETCATALOG_COMPILER_APPICON_NAME = AppIcon;
				ASSETCATALOG_COMPILER_GLOBAL_ACCENT_COLOR_NAME = AccentColor;
				CODE_SIGN_ENTITLEMENTS = macOS/macOS.entitlements;
				CODE_SIGN_STYLE = Automatic;
				COMBINE_HIDPI_IMAGES = YES;
				CURRENT_PROJECT_VERSION = 1;
				DEVELOPMENT_TEAM = G427EDH9RS;
				ENABLE_HARDENED_RUNTIME = YES;
				ENABLE_PREVIEWS = YES;
				GENERATE_INFOPLIST_FILE = YES;
				INFOPLIST_KEY_NSHumanReadableCopyright = "";
				LD_RUNPATH_SEARCH_PATHS = (
					"$(inherited)",
					"@executable_path/../Frameworks",
				);
				MACOSX_DEPLOYMENT_TARGET = 12.3;
				MARKETING_VERSION = 1.0;
				PRODUCT_BUNDLE_IDENTIFIER = com.yi.AnalysisApp;
				PRODUCT_NAME = AnalysisApp;
				SDKROOT = macosx;
				SWIFT_EMIT_LOC_STRINGS = YES;
				SWIFT_VERSION = 5.0;
			};
			name = Release;
		};
/* End XCBuildConfiguration section */

/* Begin XCConfigurationList section */
		DBAA47BC287954E500E60DCF /* Build configuration list for PBXProject "AnalysisApp" */ = {
			isa = XCConfigurationList;
			buildConfigurations = (
				DBAA47D4287954E600E60DCF /* Debug */,
				DBAA47D5287954E600E60DCF /* Release */,
			);
			defaultConfigurationIsVisible = 0;
			defaultConfigurationName = Release;
		};
		DBAA47D6287954E600E60DCF /* Build configuration list for PBXNativeTarget "AnalysisApp (iOS)" */ = {
			isa = XCConfigurationList;
			buildConfigurations = (
				DBAA47D7287954E600E60DCF /* Debug */,
				DBAA47D8287954E600E60DCF /* Release */,
			);
			defaultConfigurationIsVisible = 0;
			defaultConfigurationName = Release;
		};
		DBAA47D9287954E600E60DCF /* Build configuration list for PBXNativeTarget "AnalysisApp (macOS)" */ = {
			isa = XCConfigurationList;
			buildConfigurations = (
				DBAA47DA287954E600E60DCF /* Debug */,
				DBAA47DB287954E600E60DCF /* Release */,
			);
			defaultConfigurationIsVisible = 0;
			defaultConfigurationName = Release;
		};
/* End XCConfigurationList section */
	};
	rootObject = DBAA47B9287954E500E60DCF /* Project object */;
}
